
Microsoft Visual Studio Solution File, Format Version 12.00
# Visual Studio Version 16
VisualStudioVersion = 16.0.30128.74
MinimumVisualStudioVersion = 10.0.40219.1
Project("{FAE04EC0-301F-11D3-BF4B-00C04F79EFBC}") = "coreTest3", "coreTest3\coreTest3.csproj", "{83B16CD8-40B6-4989-9F10-3302B0047B16}"
EndProject
Global
	GlobalSection(SolutionConfigurationPlatforms) = preSolution
		Debug|Any CPU = Debug|Any CPU
		Release|Any CPU = Release|Any CPU
	EndGlobalSection
	GlobalSection(ProjectConfigurationPlatforms) = postSolution
		{83B16CD8-40B6-4989-9F10-3302B0047B16}.Debug|Any CPU.ActiveCfg = Debug|Any CPU
		{83B16CD8-40B6-4989-9F10-3302B0047B16}.Debug|Any CPU.Build.0 = Debug|Any CPU
		{83B16CD8-40B6-4989-9F10-3302B0047B16}.Release|Any CPU.ActiveCfg = Release|Any CPU
		{83B16CD8-40B6-4989-9F10-3302B0047B16}.Release|Any CPU.Build.0 = Release|Any CPU
	EndGlobalSection
	GlobalSection(SolutionProperties) = preSolution
		HideSolutionNode = FALSE
	EndGlobalSection
	GlobalSection(ExtensibilityGlobals) = postSolution
		SolutionGuid = {6C62789B-9990-40F6-A683-7415E81AD7B8}
	EndGlobalSection
EndGlobal
